
Microsoft Visual Studio Solution File, Format Version 12.00
# Visual Studio Version 16
VisualStudioVersion = 16.0.29009.5
MinimumVisualStudioVersion = 10.0.40219.1
Project("{FAE04EC0-301F-11D3-BF4B-00C04F79EFBC}") = "DatabaseWinAuthChecker", "DatabaseWinAuthChecker.csproj", "{566C29D1-C07D-4846-8698-F150B766B9E3}"
EndProject
Global
	GlobalSection(SolutionConfigurationPlatforms) = preSolution
		Debug|Any CPU = Debug|Any CPU
		Release|Any CPU = Release|Any CPU
	EndGlobalSection
	GlobalSection(ProjectConfigurationPlatforms) = postSolution
		{566C29D1-C07D-4846-8698-F150B766B9E3}.Debug|Any CPU.ActiveCfg = Debug|Any CPU
		{566C29D1-C07D-4846-8698-F150B766B9E3}.Debug|Any CPU.Build.0 = Debug|Any CPU
		{566C29D1-C07D-4846-8698-F150B766B9E3}.Release|Any CPU.ActiveCfg = Release|Any CPU
		{566C29D1-C07D-4846-8698-F150B766B9E3}.Release|Any CPU.Build.0 = Release|Any CPU
	EndGlobalSection
	GlobalSection(SolutionProperties) = preSolution
		HideSolutionNode = FALSE
	EndGlobalSection
	GlobalSection(ExtensibilityGlobals) = postSolution
		SolutionGuid = {1A0AC75D-AB1D-4302-8280-B9C3609CF0B3}
	EndGlobalSection
EndGlobal
